version = 1
revision = 3
requires-python = ">=3.11, <3.13"

[[package]]
name = "flatbuffers"
version = "25.12.19"
source = { registry = "https://pypi.org/simple" }
wheels = [
    { url = "https://files.pythonhosted.org/packages/e8/2d/d2a548598be01649e2d46231d151a6c56d10b964d94043a335ae56ea2d92/flatbuffers-25.12.19-py2.py3-none-any.whl", hash = "sha256:7634f50c427838bb021c2d66a3d1168e9d199b0607e6329399f04846d42e20b4", size = 26661, upload-time = "2025-12-19T23:16:13.622Z" },
]

[[package]]
name = "grpcio"
version = "1.78.1"
source = { registry = "https://pypi.org/simple" }
dependencies = [
    { name = "typing-extensions" },
]
sdist = { url = "https://files.pythonhosted.org/packages/1f/de/de568532d9907552700f80dcec38219d8d298ad9e71f5e0a095abaf2761e/grpcio-1.78.1.tar.gz", hash = "sha256:27c625532d33ace45d57e775edf1982e183ff8641c72e4e91ef7ba667a149d72", size = 12835760, upload-time = "2026-02-20T01:16:10.869Z" }
wheels = [
    { url = "https://files.pythonhosted.org/packages/bf/1e/ad774af3b2c84f49c6d8c4a7bea4c40f02268ea8380630c28777edda463b/grpcio-1.78.1-cp311-cp311-linux_armv7l.whl", hash = "sha256:3a8aa79bc6e004394c0abefd4b034c14affda7b66480085d87f5fbadf43b593b", size = 5951132, upload-time = "2026-02-20T01:13:05.942Z" },
    { url = "https://files.pythonhosted.org/packages/48/9d/ad3c284bedd88c545e20675d98ae904114d8517a71b0efc0901e9166628f/grpcio-1.78.1-cp311-cp311-macosx_11_0_universal2.whl", hash = "sha256:8e1fcb419da5811deb47b7749b8049f7c62b993ba17822e3c7231e3e0ba65b79", size = 11831052, upload-time = "2026-02-20T01:13:09.604Z" },
    { url = "https://files.pythonhosted.org/packages/6d/08/20d12865e47242d03c3ade9bb2127f5b4aded964f373284cfb357d47c5ac/grpcio-1.78.1-cp311-cp311-manylinux2014_aarch64.manylinux_2_17_aarch64.whl", hash = "sha256:b071dccac245c32cd6b1dd96b722283b855881ca0bf1c685cf843185f5d5d51e", size = 6524749, upload-time = "2026-02-20T01:13:21.692Z" },
    { url = "https://files.pythonhosted.org/packages/c6/53/a8b72f52b253ec0cfdf88a13e9236a9d717c332b8aa5f0ba9e4699e94b55/grpcio-1.78.1-cp311-cp311-manylinux2014_i686.manylinux_2_17_i686.whl", hash = "sha256:d6fb962947e4fe321eeef3be1ba5ba49d32dea9233c825fcbade8e858c14aaf4", size = 7198995, upload-time = "2026-02-20T01:13:24.275Z" },
    { url = "https://files.pythonhosted.org/packages/13/3c/ac769c8ded1bcb26bb119fb472d3374b481b3cf059a0875db9fc77139c17/grpcio-1.78.1-cp311-cp311-manylinux2014_x86_64.manylinux_2_17_x86_64.whl", hash = "sha256:a6afd191551fd72e632367dfb083e33cd185bf9ead565f2476bba8ab864ae496", size = 6730770, upload-time = "2026-02-20T01:13:26.522Z" },
    { url = "https://files.pythonhosted.org/packages/dc/c3/2275ef4cc5b942314321f77d66179be4097ff484e82ca34bf7baa5b1ddbc/grpcio-1.78.1-cp311-cp311-musllinux_1_2_aarch64.whl", hash = "sha256:b2acd83186305c0802dbc4d81ed0ec2f3e8658d7fde97cfba2f78d7372f05b89", size = 7305036, upload-time = "2026-02-20T01:13:30.923Z" },
    { url = "https://files.pythonhosted.org/packages/91/cb/3c2aa99e12cbbfc72c2ed8aa328e6041709d607d668860380e6cd00ba17d/grpcio-1.78.1-cp311-cp311-musllinux_1_2_i686.whl", hash = "sha256:5380268ab8513445740f1f77bd966d13043d07e2793487e61fd5b5d0935071eb", size = 8288641, upload-time = "2026-02-20T01:13:39.42Z" },
    { url = "https://files.pythonhosted.org/packages/0d/b2/21b89f492260ac645775d9973752ca873acfd0609d6998e9d3065a21ea2f/grpcio-1.78.1-cp311-cp311-musllinux_1_2_x86_64.whl", hash = "sha256:389b77484959bdaad6a2b7dda44d7d1228381dd669a03f5660392aa0e9385b22", size = 7730967, upload-time = "2026-02-20T01:13:41.697Z" },
    { url = "https://files.pythonhosted.org/packages/24/03/6b89eddf87fdffb8fa9d37375d44d3a798f4b8116ac363a5f7ca84caa327/grpcio-1.78.1-cp311-cp311-win32.whl", hash = "sha256:9dee66d142f4a8cca36b5b98a38f006419138c3c89e72071747f8fca415a6d8f", size = 4076680, upload-time = "2026-02-20T01:13:43.781Z" },
    { url = "https://files.pythonhosted.org/packages/a7/a8/204460b1bc1dff9862e98f56a2d14be3c4171f929f8eaf8c4517174b4270/grpcio-1.78.1-cp311-cp311-win_amd64.whl", hash = "sha256:43b930cf4f9c4a2262bb3e5d5bc40df426a72538b4f98e46f158b7eb112d2d70", size = 4801074, upload-time = "2026-02-20T01:13:46.315Z" },
    { url = "https://files.pythonhosted.org/packages/ab/ed/d2eb9d27fded1a76b2a80eb9aa8b12101da7e41ce2bac0ad3651e88a14ae/grpcio-1.78.1-cp312-cp312-linux_armv7l.whl", hash = "sha256:41e4605c923e0e9a84a2718e4948a53a530172bfaf1a6d1ded16ef9c5849fca2", size = 5913389, upload-time = "2026-02-20T01:13:49.005Z" },
    { url = "https://files.pythonhosted.org/packages/69/1b/40034e9ab010eeb3fa41ec61d8398c6dbf7062f3872c866b8f72700e2522/grpcio-1.78.1-cp312-cp312-macosx_11_0_universal2.whl", hash = "sha256:39da1680d260c0c619c3b5fa2dc47480ca24d5704c7a548098bca7de7f5dd17f", size = 11811839, upload-time = "2026-02-20T01:13:51.839Z" },
    { url = "https://files.pythonhosted.org/packages/b4/69/fe16ef2979ea62b8aceb3a3f1e7a8bbb8b717ae2a44b5899d5d426073273/grpcio-1.78.1-cp312-cp312-manylinux2014_aarch64.manylinux_2_17_aarch64.whl", hash = "sha256:b5d5881d72a09b8336a8f874784a8eeffacde44a7bc1a148bce5a0243a265ef0", size = 6475805, upload-time = "2026-02-20T01:13:55.423Z" },
    { url = "https://files.pythonhosted.org/packages/5b/1e/069e0a9062167db18446917d7c00ae2e91029f96078a072bedc30aaaa8c3/grpcio-1.78.1-cp312-cp312-manylinux2014_i686.manylinux_2_17_i686.whl", hash = "sha256:888ceb7821acd925b1c90f0cdceaed1386e69cfe25e496e0771f6c35a156132f", size = 7169955, upload-time = "2026-02-20T01:13:59.553Z" },
    { url = "https://files.pythonhosted.org/packages/38/fc/44a57e2bb4a755e309ee4e9ed2b85c9af93450b6d3118de7e69410ee05fa/grpcio-1.78.1-cp312-cp312-manylinux2014_x86_64.manylinux_2_17_x86_64.whl", hash = "sha256:8942bdfc143b467c264b048862090c4ba9a0223c52ae28c9ae97754361372e42", size = 6690767, upload-time = "2026-02-20T01:14:02.31Z" },
    { url = "https://files.pythonhosted.org/packages/b8/87/21e16345d4c75046d453916166bc72a3309a382c8e97381ec4b8c1a54729/grpcio-1.78.1-cp312-cp312-musllinux_1_2_aarch64.whl", hash = "sha256:716a544969660ed609164aff27b2effd3ff84e54ac81aa4ce77b1607ca917d22", size = 7266846, upload-time = "2026-02-20T01:14:12.974Z" },
    { url = "https://files.pythonhosted.org/packages/11/df/d6261983f9ca9ef4d69893765007a9a3211b91d9faf85a2591063df381c7/grpcio-1.78.1-cp312-cp312-musllinux_1_2_i686.whl", hash = "sha256:4d50329b081c223d444751076bb5b389d4f06c2b32d51b31a1e98172e6cecfb9", size = 8253522, upload-time = "2026-02-20T01:14:17.407Z" },
    { url = "https://files.pythonhosted.org/packages/de/7c/4f96a0ff113c5d853a27084d7590cd53fdb05169b596ea9f5f27f17e021e/grpcio-1.78.1-cp312-cp312-musllinux_1_2_x86_64.whl", hash = "sha256:7e836778c13ff70edada16567e8da0c431e8818eaae85b80d11c1ba5782eccbb", size = 7698070, upload-time = "2026-02-20T01:14:20.032Z" },
    { url = "https://files.pythonhosted.org/packages/17/3c/7b55c0b5af88fbeb3d0c13e25492d3ace41ac9dbd0f5f8f6c0fb613b6706/grpcio-1.78.1-cp312-cp312-win32.whl", hash = "sha256:07eb016ea7444a22bef465cce045512756956433f54450aeaa0b443b8563b9ca", size = 4066474, upload-time = "2026-02-20T01:14:22.602Z" },
    { url = "https://files.pythonhosted.org/packages/5d/17/388c12d298901b0acf10b612b650692bfed60e541672b1d8965acbf2d722/grpcio-1.78.1-cp312-cp312-win_amd64.whl", hash = "sha256:02b82dcd2fa580f5e82b4cf62ecde1b3c7cc9ba27b946421200706a6e5acaf85", size = 4797537, upload-time = "2026-02-20T01:14:25.444Z" },
]

[[package]]
name = "grpcio-tools"
version = "1.78.1"
source = { registry = "https://pypi.org/simple" }
dependencies = [
    { name = "grpcio" },
    { name = "protobuf" },
    { name = "setuptools" },
]
sdist = { url = "https://files.pythonhosted.org/packages/c9/e5/311efa9278a451291e317286babf3f69b1479f8e6fd244836e3803e4b81d/grpcio_tools-1.78.1.tar.gz", hash = "sha256:f47b746b06a940954b9aa86b1824aa4874f068a7ec2d4b407980d202c86a691a", size = 5392610, upload-time = "2026-02-20T01:19:44.109Z" }
wheels = [
    { url = "https://files.pythonhosted.org/packages/47/c3/b598440ea531f7abdb9c1c5298919e13f4442f0289900dd9ef6667ab72b9/grpcio_tools-1.78.1-cp311-cp311-linux_armv7l.whl", hash = "sha256:ec4483749c7174c301a554191f6a9b28e2388636736a21886fe20025137cdaa5", size = 2545903, upload-time = "2026-02-20T01:16:57.182Z" },
    { url = "https://files.pythonhosted.org/packages/1f/7f/c81ca206047e600ced7c3147f84c894d1ab7eb07642d0a1a4d8511bca7d7/grpcio_tools-1.78.1-cp311-cp311-macosx_11_0_universal2.whl", hash = "sha256:a81b30b0981cc64853bf28daa4d45f2ce8e4da47d831186a509c05660f23b133", size = 5709065, upload-time = "2026-02-20T01:17:00.054Z" },
    { url = "https://files.pythonhosted.org/packages/80/cd/9b4a601afabf017dadff24d066d0dc6cedfab1e4cdc8e52bcca08291e7e0/grpcio_tools-1.78.1-cp311-cp311-manylinux2014_aarch64.manylinux_2_17_aarch64.whl", hash = "sha256:d6406f04b93e48ae3b4dca8f9f312f345265502dc54408056796813c1877f98a", size = 2591744, upload-time = "2026-02-20T01:17:02.539Z" },
    { url = "https://files.pythonhosted.org/packages/46/be/e20b48c5fbbf7c279e3998a62d086f35e0c6efb0d7a9a3ab2966a235b89d/grpcio_tools-1.78.1-cp311-cp311-manylinux2014_i686.manylinux_2_17_i686.whl", hash = "sha256:f46fa1430958fe93082d361711e261a482d5a505a9928bc28f7df3fb432d7203", size = 2905111, upload-time = "2026-02-20T01:17:04.659Z" },
    { url = "https://files.pythonhosted.org/packages/68/6b/72b97c60767bc5b256e5e4ba5c4a01dd27dc925c983d85fa8c9ca428f0c9/grpcio_tools-1.78.1-cp311-cp311-manylinux2014_x86_64.manylinux_2_17_x86_64.whl", hash = "sha256:a5fbe7d04212248a94acfea86460f1e249f0e42b636de4e71ad518aaf7b24cc9", size = 2656443, upload-time = "2026-02-20T01:17:07.154Z" },
    { url = "https://files.pythonhosted.org/packages/83/92/1023bf1bfa1eaa3b98582f4ba2fcae7153b5b3382b2b3d5b00b47b6e0f57/grpcio_tools-1.78.1-cp311-cp311-musllinux_1_2_aarch64.whl", hash = "sha256:e886a3f3284fbff5b4a5c0299427b42df1e1ad6ec9c88c41cfe94557ac191a34", size = 3106129, upload-time = "2026-02-20T01:17:09.385Z" },
    { url = "https://files.pythonhosted.org/packages/d7/55/2c1d64e9efcd0a55b0fc2e6426e65c33edecc590510e67f623e8bd92bfdf/grpcio_tools-1.78.1-cp311-cp311-musllinux_1_2_i686.whl", hash = "sha256:e1e19c3cb8c4bbfcc20c74b6ef50bd2fb18f82593e65c5b031a92f6794ab9a6d", size = 3654955, upload-time = "2026-02-20T01:17:12.046Z" },
    { url = "https://files.pythonhosted.org/packages/41/76/cc00f693a085e6ddc2477d6dc59ad3e0b0a2f8797ff3703b45e25ddca387/grpcio_tools-1.78.1-cp311-cp311-musllinux_1_2_x86_64.whl", hash = "sha256:b0abde2cd28a5925da36776977064e0fe9be667a96ea454acad1eabc3eb7ec48", size = 3322628, upload-time = "2026-02-20T01:17:14.592Z" },
    { url = "https://files.pythonhosted.org/packages/c0/8f/4efdc5a359ae37b079008eda939cf063ab51608a9767f808c672fc542780/grpcio_tools-1.78.1-cp311-cp311-win32.whl", hash = "sha256:a62857bdd681469f7ea603078187399aa8bd8cd7bdeeb603497c993a06d0bb8d", size = 993780, upload-time = "2026-02-20T01:17:20.463Z" },
    { url = "https://files.pythonhosted.org/packages/8e/1c/f6925bfdab52eed2dbaf54ca656de6401e880d079800df53d59cf89a2098/grpcio_tools-1.78.1-cp311-cp311-win_amd64.whl", hash = "sha256:e33de930d02e16d28a2e06d2a629cd5be18c0f386e8bc6c483b073f8898c283c", size = 1158625, upload-time = "2026-02-20T01:17:22.593Z" },
    { url = "https://files.pythonhosted.org/packages/c5/74/928b78c079cf84436e6d6abd52879178c00c1d0dd9bcaf294c3601db8c73/grpcio_tools-1.78.1-cp312-cp312-linux_armv7l.whl", hash = "sha256:2fd5b9ba19849afb511f05f9eaf621aaf21d8582b06d23179b31fb72f2b0add1", size = 2546822, upload-time = "2026-02-20T01:17:24.899Z" },
    { url = "https://files.pythonhosted.org/packages/6e/a4/22b29fa672535b525070d5b665b064903e4dddce694f036fae115978245f/grpcio_tools-1.78.1-cp312-cp312-macosx_11_0_universal2.whl", hash = "sha256:3e2148b0b15dea87d2fea17d1eda3ae0cdc6dd378fe75903f17515cbb6e5f4a3", size = 5706796, upload-time = "2026-02-20T01:17:30.223Z" },
    { url = "https://files.pythonhosted.org/packages/c7/ac/8ab479655b52bb8a1f55fd73df0b7b9fe6e5470775a3432b6265ff2782df/grpcio_tools-1.78.1-cp312-cp312-manylinux2014_aarch64.manylinux_2_17_aarch64.whl", hash = "sha256:58714482282ba4f6ebe550a43284b3383761e7bf1c1cafa009740d4b20cfc5fd", size = 2593971, upload-time = "2026-02-20T01:17:32.843Z" },
    { url = "https://files.pythonhosted.org/packages/3c/89/f7b48b112ef8b457e2a30d13cb357947bbb98635b016db6d4e1885c5160e/grpcio_tools-1.78.1-cp312-cp312-manylinux2014_i686.manylinux_2_17_i686.whl", hash = "sha256:3edc65d8d547e2c3e90937896bce58f1a4187b45a5ac2d97c84d0501c917c6e7", size = 2905532, upload-time = "2026-02-20T01:17:35.512Z" },
    { url = "https://files.pythonhosted.org/packages/94/3c/c74185dbbaa5930ac124121e9546f7aec54790ad2b2a352ae13606c2d0a5/grpcio_tools-1.78.1-cp312-cp312-manylinux2014_x86_64.manylinux_2_17_x86_64.whl", hash = "sha256:5aa5720e07b81e82107c33f1951572f4371b668933da110418146e8fe51813ec", size = 2656908, upload-time = "2026-02-20T01:17:37.914Z" },
    { url = "https://files.pythonhosted.org/packages/5a/6f/a5dfcdec7d2eabcd1aafa20dd1c558fe34907e86672a39afdea1ed48556f/grpcio_tools-1.78.1-cp312-cp312-musllinux_1_2_aarch64.whl", hash = "sha256:d665399893f79dfce1018143602b1e53cc6434cb919b141ad5ce9d09d25b6c88", size = 3109782, upload-time = "2026-02-20T01:17:40.575Z" },
    { url = "https://files.pythonhosted.org/packages/66/c5/c3a9a79f2da4ae99cc1290f2a90e5d798525e9556d6b2e7f7090d4a05271/grpcio_tools-1.78.1-cp312-cp312-musllinux_1_2_i686.whl", hash = "sha256:3ab437967bd61034b278ca1043a5f2f70ab3a8b45f2531b4295ffc7da27893c9", size = 3658761, upload-time = "2026-02-20T01:17:42.809Z" },
    { url = "https://files.pythonhosted.org/packages/69/42/656a38e78cebed3b98bb737630faa30d0f22915112166b892e89a843e08f/grpcio_tools-1.78.1-cp312-cp312-musllinux_1_2_x86_64.whl", hash = "sha256:63c91efb22a6977111bbde16f58e393ab75f1f4ff95850abc24fd279402a02f7", size = 3325115, upload-time = "2026-02-20T01:17:46.089Z" },
    { url = "https://files.pythonhosted.org/packages/00/c0/8e3444d127c243170a7dc732d6cbd009c3de78a86002f7abdc317ce7f828/grpcio_tools-1.78.1-cp312-cp312-win32.whl", hash = "sha256:7ecc57c2a82a7f67d07c1491eea39aec9660306a8b67b7b0116ade52c3466297", size = 993478, upload-time = "2026-02-20T01:17:48.194Z" },
    { url = "https://files.pythonhosted.org/packages/a5/cc/e2211fe54ae29b31ed20154e002184546ed08800105aeb8692898f7b4a6f/grpcio_tools-1.78.1-cp312-cp312-win_amd64.whl", hash = "sha256:7e465bf6e49c8d3905997b079d4cab233cd1e0ad558aa3b93ce074172ad75fa1", size = 1158466, upload-time = "2026-02-20T01:17:50.284Z" },
]

[[package]]
name = "mpmath"
version = "1.3.0"
source = { registry = "https://pypi.org/simple" }
sdist = { url = "https://files.pythonhosted.org/packages/e0/47/dd32fa426cc72114383ac549964eecb20ecfd886d1e5ccf5340b55b02f57/mpmath-1.3.0.tar.gz", hash = "sha256:7a28eb2a9774d00c7bc92411c19a89209d5da7c4c9a9e227be8330a23a25b91f", size = 508106, upload-time = "2023-03-07T16:47:11.061Z" }
wheels = [
    { url = "https://files.pythonhosted.org/packages/43/e3/7d92a15f894aa0c9c4b49b8ee9ac9850d6e63b03c9c32c0367a13ae62209/mpmath-1.3.0-py3-none-any.whl", hash = "sha256:a0b2b9fe80bbcd81a6647ff13108738cfb482d481d826cc0e02f5b35e5c88d2c", size = 536198, upload-time = "2023-03-07T16:47:09.197Z" },
]

[[package]]
name = "ndlocr-local-test"
version = "0.1.0"
source = { virtual = "." }
dependencies = [
    { name = "grpcio" },
    { name = "grpcio-tools" },
    { name = "numpy" },
    { name = "onnxruntime" },
    { name = "pillow" },
    { name = "pyyaml" },
]

[package.metadata]
requires-dist = [
    { name = "grpcio", specifier = ">=1.66" },
    { name = "grpcio-tools", specifier = ">=1.66" },
    { name = "numpy", specifier = ">=1.26" },
    { name = "onnxruntime", specifier = ">=1.24,<2" },
    { name = "pillow", specifier = ">=10.0" },
    { name = "pyyaml", specifier = ">=6.0" },
]

[[package]]
name = "numpy"
version = "1.26.4"
source = { registry = "https://pypi.org/simple" }
sdist = { url = "https://files.pythonhosted.org/packages/65/6e/09db70a523a96d25e115e71cc56a6f9031e7b8cd166c1ac8438307c14058/numpy-1.26.4.tar.gz", hash = "sha256:2a02aba9ed12e4ac4eb3ea9421c420301a0c6460d9830d74a9df87efa4912010", size = 15786129, upload-time = "2024-02-06T00:26:44.495Z" }
wheels = [
    { url = "https://files.pythonhosted.org/packages/11/57/baae43d14fe163fa0e4c47f307b6b2511ab8d7d30177c491960504252053/numpy-1.26.4-cp311-cp311-macosx_10_9_x86_64.whl", hash = "sha256:4c66707fabe114439db9068ee468c26bbdf909cac0fb58686a42a24de1760c71", size = 20630554, upload-time = "2024-02-05T23:51:50.149Z" },
    { url = "https://files.pythonhosted.org/packages/1a/2e/151484f49fd03944c4a3ad9c418ed193cfd02724e138ac8a9505d056c582/numpy-1.26.4-cp311-cp311-macosx_11_0_arm64.whl", hash = "sha256:edd8b5fe47dab091176d21bb6de568acdd906d1887a4584a15a9a96a1dca06ef", size = 13997127, upload-time = "2024-02-05T23:52:15.314Z" },
    { url = "https://files.pythonhosted.org/packages/79/ae/7e5b85136806f9dadf4878bf73cf223fe5c2636818ba3ab1c585d0403164/numpy-1.26.4-cp311-cp311-manylinux_2_17_aarch64.manylinux2014_aarch64.whl", hash = "sha256:7ab55401287bfec946ced39700c053796e7cc0e3acbef09993a9ad2adba6ca6e", size = 14222994, upload-time = "2024-02-05T23:52:47.569Z" },
    { url = "https://files.pythonhosted.org/packages/3a/d0/edc009c27b406c4f9cbc79274d6e46d634d139075492ad055e3d68445925/numpy-1.26.4-cp311-cp311-manylinux_2_17_x86_64.manylinux2014_x86_64.whl", hash = "sha256:666dbfb6ec68962c033a450943ded891bed2d54e6755e35e5835d63f4f6931d5", size = 18252005, upload-time = "2024-02-05T23:53:15.637Z" },
    { url = "https://files.pythonhosted.org/packages/09/bf/2b1aaf8f525f2923ff6cfcf134ae5e750e279ac65ebf386c75a0cf6da06a/numpy-1.26.4-cp311-cp311-musllinux_1_1_aarch64.whl", hash = "sha256:96ff0b2ad353d8f990b63294c8986f1ec3cb19d749234014f4e7eb0112ceba5a", size = 13885297, upload-time = "2024-02-05T23:53:42.16Z" },
    { url = "https://files.pythonhosted.org/packages/df/a0/4e0f14d847cfc2a633a1c8621d00724f3206cfeddeb66d35698c4e2cf3d2/numpy-1.26.4-cp311-cp311-musllinux_1_1_x86_64.whl", hash = "sha256:60dedbb91afcbfdc9bc0b1f3f402804070deed7392c23eb7a7f07fa857868e8a", size = 18093567, upload-time = "2024-02-05T23:54:11.696Z" },
    { url = "https://files.pythonhosted.org/packages/d2/b7/a734c733286e10a7f1a8ad1ae8c90f2d33bf604a96548e0a4a3a6739b468/numpy-1.26.4-cp311-cp311-win32.whl", hash = "sha256:1af303d6b2210eb850fcf03064d364652b7120803a0b872f5211f5234b399f20", size = 5968812, upload-time = "2024-02-05T23:54:26.453Z" },
    { url = "https://files.pythonhosted.org/packages/3f/6b/5610004206cf7f8e7ad91c5a85a8c71b2f2f8051a0c0c4d5916b76d6cbb2/numpy-1.26.4-cp311-cp311-win_amd64.whl", hash = "sha256:cd25bcecc4974d09257ffcd1f098ee778f7834c3ad767fe5db785be9a4aa9cb2", size = 15811913, upload-time = "2024-02-05T23:54:53.933Z" },
    { url = "https://files.pythonhosted.org/packages/95/12/8f2020a8e8b8383ac0177dc9570aad031a3beb12e38847f7129bacd96228/numpy-1.26.4-cp312-cp312-macosx_10_9_x86_64.whl", hash = "sha256:b3ce300f3644fb06443ee2222c2201dd3a89ea6040541412b8fa189341847218", size = 20335901, upload-time = "2024-02-05T23:55:32.801Z" },
    { url = "https://files.pythonhosted.org/packages/75/5b/ca6c8bd14007e5ca171c7c03102d17b4f4e0ceb53957e8c44343a9546dcc/numpy-1.26.4-cp312-cp312-macosx_11_0_arm64.whl", hash = "sha256:03a8c78d01d9781b28a6989f6fa1bb2c4f2d51201cf99d3dd875df6fbd96b23b", size = 13685868, upload-time = "2024-02-05T23:55:56.28Z" },
    { url = "https://files.pythonhosted.org/packages/79/f8/97f10e6755e2a7d027ca783f63044d5b1bc1ae7acb12afe6a9b4286eac17/numpy-1.26.4-cp312-cp312-manylinux_2_17_aarch64.manylinux2014_aarch64.whl", hash = "sha256:9fad7dcb1aac3c7f0584a5a8133e3a43eeb2fe127f47e3632d43d677c66c102b", size = 13925109, upload-time = "2024-02-05T23:56:20.368Z" },
    { url = "https://files.pythonhosted.org/packages/0f/50/de23fde84e45f5c4fda2488c759b69990fd4512387a8632860f3ac9cd225/numpy-1.26.4-cp312-cp312-manylinux_2_17_x86_64.manylinux2014_x86_64.whl", hash = "sha256:675d61ffbfa78604709862923189bad94014bef562cc35cf61d3a07bba02a7ed", size = 17950613, upload-time = "2024-02-05T23:56:56.054Z" },
    { url = "https://files.pythonhosted.org/packages/4c/0c/9c603826b6465e82591e05ca230dfc13376da512b25ccd0894709b054ed0/numpy-1.26.4-cp312-cp312-musllinux_1_1_aarch64.whl", hash = "sha256:ab47dbe5cc8210f55aa58e4805fe224dac469cde56b9f731a4c098b91917159a", size = 13572172, upload-time = "2024-02-05T23:57:21.56Z" },
    { url = "https://files.pythonhosted.org/packages/76/8c/2ba3902e1a0fc1c74962ea9bb33a534bb05984ad7ff9515bf8d07527cadd/numpy-1.26.4-cp312-cp312-musllinux_1_1_x86_64.whl", hash = "sha256:1dda2e7b4ec9dd512f84935c5f126c8bd8b9f2fc001e9f54af255e8c5f16b0e0", size = 17786643, upload-time = "2024-02-05T23:57:56.585Z" },
    { url = "https://files.pythonhosted.org/packages/28/4a/46d9e65106879492374999e76eb85f87b15328e06bd1550668f79f7b18c6/numpy-1.26.4-cp312-cp312-win32.whl", hash = "sha256:50193e430acfc1346175fcbdaa28ffec49947a06918b7b92130744e81e640110", size = 5677803, upload-time = "2024-02-05T23:58:08.963Z" },
    { url = "https://files.pythonhosted.org/packages/16/2e/86f24451c2d530c88daf997cb8d6ac622c1d40d19f5a031ed68a4b73a374/numpy-1.26.4-cp312-cp312-win_amd64.whl", hash = "sha256:08beddf13648eb95f8d867350f6a018a4be2e5ad54c8d8caed89ebca558b2818", size = 15517754, upload-time = "2024-02-05T23:58:36.364Z" },
]

[[package]]
name = "onnxruntime"
version = "1.24.2"
source = { registry = "https://pypi.org/simple" }
dependencies = [
    { name = "flatbuffers" },
    { name = "numpy" },
    { name = "packaging" },
    { name = "protobuf" },
    { name = "sympy" },
]
wheels = [
    { url = "https://files.pythonhosted.org/packages/2c/4e/050c947924ffd8ff856d219d8f83ee3d4e7dc52d5a6770ff34a15675c437/onnxruntime-1.24.2-cp311-cp311-macosx_14_0_arm64.whl", hash = "sha256:69d1c75997276106d24e65da2e69ec4302af1b117fef414e2154740cde0f6214", size = 17217298, upload-time = "2026-02-19T17:15:09.891Z" },
    { url = "https://files.pythonhosted.org/packages/30/17/c814121dff4de962476ced979c402c3cce72d5d46e87099610b47a1f2622/onnxruntime-1.24.2-cp311-cp311-manylinux_2_27_aarch64.manylinux_2_28_aarch64.whl", hash = "sha256:670d7e671af2dbd17638472f9b9ff98041889efd7150718406b9ea989312d064", size = 15027128, upload-time = "2026-02-19T17:13:19.367Z" },
    { url = "https://files.pythonhosted.org/packages/2c/32/4e5921ba8b82ac37cad45f1108ca6effd430f49c7f20577d53f317d166ed/onnxruntime-1.24.2-cp311-cp311-manylinux_2_27_x86_64.manylinux_2_28_x86_64.whl", hash = "sha256:93fe190ee555ae8e9c1214bcfcf13af85cd06dd835e8d835ce5a8d01056844fe", size = 17107440, upload-time = "2026-02-19T17:14:02.932Z" },
    { url = "https://files.pythonhosted.org/packages/48/55/9d13c97d912db81e81c9b369a49b36f2804fa3bb8de64462e5e6bd412d0b/onnxruntime-1.24.2-cp311-cp311-win_amd64.whl", hash = "sha256:04a3a80b28dd39739463cb1e34081eed668929ba0b8e1bc861885dcdf66b7601", size = 12506375, upload-time = "2026-02-19T17:14:57.049Z" },
    { url = "https://files.pythonhosted.org/packages/b0/d4/cf0e0b3bd84e7b68fe911810f7098f414936d1ffb612faa569a3fb8a76a5/onnxruntime-1.24.2-cp311-cp311-win_arm64.whl", hash = "sha256:a845096277444670b0b52855bb4aad706003540bd34986b50868e9f29606c142", size = 12167758, upload-time = "2026-02-19T17:14:47.386Z" },
    { url = "https://files.pythonhosted.org/packages/23/1c/38af1cfe82c75d2b205eb5019834b0f2b0b6647ec8a20a3086168e413570/onnxruntime-1.24.2-cp312-cp312-macosx_14_0_arm64.whl", hash = "sha256:d8a50b422d45c0144864c0977d04ad4fa50a8a48e5153056ab1f7d06ea9fc3e2", size = 17217857, upload-time = "2026-02-19T17:15:14.297Z" },
    { url = "https://files.pythonhosted.org/packages/01/8a/e2d4332ae18d6383376e75141cd914256bee12c3cc439f42260eb176ceb9/onnxruntime-1.24.2-cp312-cp312-manylinux_2_27_aarch64.manylinux_2_28_aarch64.whl", hash = "sha256:76c44fc9a89dcefcd5a4ab5c6bbbb9ff1604325ab2d5d0bc9ff5a9cba7b37f4a", size = 15027167, upload-time = "2026-02-19T17:13:21.92Z" },
    { url = "https://files.pythonhosted.org/packages/35/af/ad86cfbfd65d5a86204b3a30893e92c0cf3f1a56280efc5a12e69d81f52d/onnxruntime-1.24.2-cp312-cp312-manylinux_2_27_x86_64.manylinux_2_28_x86_64.whl", hash = "sha256:09aa6f8d766b4afc3cfba68dd10be39586b49f9462fbd1386c5d5644239461ca", size = 17106547, upload-time = "2026-02-19T17:14:05.758Z" },
    { url = "https://files.pythonhosted.org/packages/ee/62/9d725326f933bf8323e309956a17e52d33fb59d35bb5dda1886f94352938/onnxruntime-1.24.2-cp312-cp312-win_amd64.whl", hash = "sha256:ebcee9276420a65e5fa08b05f18379c2271b5992617e5bdc0d0d6c5ea395c1a1", size = 12506161, upload-time = "2026-02-19T17:14:59.377Z" },
    { url = "https://files.pythonhosted.org/packages/aa/a9/7b06efd5802db881860d961a7cb4efacb058ed694c1c8f096c0c1499d017/onnxruntime-1.24.2-cp312-cp312-win_arm64.whl", hash = "sha256:8d770a934513f6e17937baf3438eaaec5983a23cdaedb81c9fc0dfcf26831c24", size = 12169884, upload-time = "2026-02-19T17:14:49.962Z" },
]

[[package]]
name = "packaging"
version = "26.0"
source = { registry = "https://pypi.org/simple" }
sdist = { url = "https://files.pythonhosted.org/packages/65/ee/299d360cdc32edc7d2cf530f3accf79c4fca01e96ffc950d8a52213bd8e4/packaging-26.0.tar.gz", hash = "sha256:00243ae351a257117b6a241061796684b084ed1c516a08c48a3f7e147a9d80b4", size = 143416, upload-time = "2026-01-21T20:50:39.064Z" }
wheels = [
    { url = "https://files.pythonhosted.org/packages/b7/b9/c538f279a4e237a006a2c98387d081e9eb060d203d8ed34467cc0f0b9b53/packaging-26.0-py3-none-any.whl", hash = "sha256:b36f1fef9334a5588b4166f8bcd26a14e521f2b55e6b9de3aaa80d3ff7a37529", size = 74366, upload-time = "2026-01-21T20:50:37.788Z" },
]

[[package]]
name = "pillow"
version = "12.1.1"
source = { registry = "https://pypi.org/simple" }
sdist = { url = "https://files.pythonhosted.org/packages/1f/42/5c74462b4fd957fcd7b13b04fb3205ff8349236ea74c7c375766d6c82288/pillow-12.1.1.tar.gz", hash = "sha256:9ad8fa5937ab05218e2b6a4cff30295ad35afd2f83ac592e68c0d871bb0fdbc4", size = 46980264, upload-time = "2026-02-11T04:23:07.146Z" }
wheels = [
    { url = "https://files.pythonhosted.org/packages/2b/46/5da1ec4a5171ee7bf1a0efa064aba70ba3d6e0788ce3f5acd1375d23c8c0/pillow-12.1.1-cp311-cp311-macosx_10_10_x86_64.whl", hash = "sha256:e879bb6cd5c73848ef3b2b48b8af9ff08c5b71ecda8048b7dd22d8a33f60be32", size = 5304084, upload-time = "2026-02-11T04:20:27.501Z" },
    { url = "https://files.pythonhosted.org/packages/78/93/a29e9bc02d1cf557a834da780ceccd54e02421627200696fcf805ebdc3fb/pillow-12.1.1-cp311-cp311-macosx_11_0_arm64.whl", hash = "sha256:365b10bb9417dd4498c0e3b128018c4a624dc11c7b97d8cc54effe3b096f4c38", size = 4657866, upload-time = "2026-02-11T04:20:29.827Z" },
    { url = "https://files.pythonhosted.org/packages/13/84/583a4558d492a179d31e4aae32eadce94b9acf49c0337c4ce0b70e0a01f2/pillow-12.1.1-cp311-cp311-manylinux2014_aarch64.manylinux_2_17_aarch64.whl", hash = "sha256:d4ce8e329c93845720cd2014659ca67eac35f6433fd3050393d85f3ecef0dad5", size = 6232148, upload-time = "2026-02-11T04:20:31.329Z" },
    { url = "https://files.pythonhosted.org/packages/d5/e2/53c43334bbbb2d3b938978532fbda8e62bb6e0b23a26ce8592f36bcc4987/pillow-12.1.1-cp311-cp311-manylinux2014_x86_64.manylinux_2_17_x86_64.whl", hash = "sha256:fc354a04072b765eccf2204f588a7a532c9511e8b9c7f900e1b64e3e33487090", size = 8038007, upload-time = "2026-02-11T04:20:34.225Z" },
    { url = "https://files.pythonhosted.org/packages/b8/a6/3d0e79c8a9d58150dd98e199d7c1c56861027f3829a3a60b3c2784190180/pillow-12.1.1-cp311-cp311-manylinux_2_27_aarch64.manylinux_2_28_aarch64.whl", hash = "sha256:7e7976bf1910a8116b523b9f9f58bf410f3e8aa330cd9a2bb2953f9266ab49af", size = 6345418, upload-time = "2026-02-11T04:20:35.858Z" },
    { url = "https://files.pythonhosted.org/packages/a2/c8/46dfeac5825e600579157eea177be43e2f7ff4a99da9d0d0a49533509ac5/pillow-12.1.1-cp311-cp311-manylinux_2_27_x86_64.manylinux_2_28_x86_64.whl", hash = "sha256:597bd9c8419bc7c6af5604e55847789b69123bbe25d65cc6ad3012b4f3c98d8b", size = 7034590, upload-time = "2026-02-11T04:20:37.91Z" },
    { url = "https://files.pythonhosted.org/packages/af/bf/e6f65d3db8a8bbfeaf9e13cc0417813f6319863a73de934f14b2229ada18/pillow-12.1.1-cp311-cp311-musllinux_1_2_aarch64.whl", hash = "sha256:2c1fc0f2ca5f96a3c8407e41cca26a16e46b21060fe6d5b099d2cb01412222f5", size = 6458655, upload-time = "2026-02-11T04:20:39.496Z" },
    { url = "https://files.pythonhosted.org/packages/f9/c2/66091f3f34a25894ca129362e510b956ef26f8fb67a0e6417bc5744e56f1/pillow-12.1.1-cp311-cp311-musllinux_1_2_x86_64.whl", hash = "sha256:578510d88c6229d735855e1f278aa305270438d36a05031dfaae5067cc8eb04d", size = 7159286, upload-time = "2026-02-11T04:20:41.139Z" },
    { url = "https://files.pythonhosted.org/packages/7b/5a/24bc8eb526a22f957d0cec6243146744966d40857e3d8deb68f7902ca6c1/pillow-12.1.1-cp311-cp311-win32.whl", hash = "sha256:7311c0a0dcadb89b36b7025dfd8326ecfa36964e29913074d47382706e516a7c", size = 6328663, upload-time = "2026-02-11T04:20:43.184Z" },
    { url = "https://files.pythonhosted.org/packages/31/03/bef822e4f2d8f9d7448c133d0a18185d3cce3e70472774fffefe8b0ed562/pillow-12.1.1-cp311-cp311-win_amd64.whl", hash = "sha256:fbfa2a7c10cc2623f412753cddf391c7f971c52ca40a3f65dc5039b2939e8563", size = 7031448, upload-time = "2026-02-11T04:20:44.696Z" },
    { url = "https://files.pythonhosted.org/packages/49/70/f76296f53610bd17b2e7d31728b8b7825e3ac3b5b3688b51f52eab7c0818/pillow-12.1.1-cp311-cp311-win_arm64.whl", hash = "sha256:b81b5e3511211631b3f672a595e3221252c90af017e399056d0faabb9538aa80", size = 2453651, upload-time = "2026-02-11T04:20:46.243Z" },
    { url = "https://files.pythonhosted.org/packages/07/d3/8df65da0d4df36b094351dce696f2989bec731d4f10e743b1c5f4da4d3bf/pillow-12.1.1-cp312-cp312-macosx_10_13_x86_64.whl", hash = "sha256:ab323b787d6e18b3d91a72fc99b1a2c28651e4358749842b8f8dfacd28ef2052", size = 5262803, upload-time = "2026-02-11T04:20:47.653Z" },
    { url = "https://files.pythonhosted.org/packages/d6/71/5026395b290ff404b836e636f51d7297e6c83beceaa87c592718747e670f/pillow-12.1.1-cp312-cp312-macosx_11_0_arm64.whl", hash = "sha256:adebb5bee0f0af4909c30db0d890c773d1a92ffe83da908e2e9e720f8edf3984", size = 4657601, upload-time = "2026-02-11T04:20:49.328Z" },
    { url = "https://files.pythonhosted.org/packages/b1/2e/1001613d941c67442f745aff0f7cc66dd8df9a9c084eb497e6a543ee6f7e/pillow-12.1.1-cp312-cp312-manylinux2014_aarch64.manylinux_2_17_aarch64.whl", hash = "sha256:bb66b7cc26f50977108790e2456b7921e773f23db5630261102233eb355a3b79", size = 6234995, upload-time = "2026-02-11T04:20:51.032Z" },
    { url = "https://files.pythonhosted.org/packages/07/26/246ab11455b2549b9233dbd44d358d033a2f780fa9007b61a913c5b2d24e/pillow-12.1.1-cp312-cp312-manylinux2014_x86_64.manylinux_2_17_x86_64.whl", hash = "sha256:aee2810642b2898bb187ced9b349e95d2a7272930796e022efaf12e99dccd293", size = 8045012, upload-time = "2026-02-11T04:20:52.882Z" },
    { url = "https://files.pythonhosted.org/packages/b2/8b/07587069c27be7535ac1fe33874e32de118fbd34e2a73b7f83436a88368c/pillow-12.1.1-cp312-cp312-manylinux_2_27_aarch64.manylinux_2_28_aarch64.whl", hash = "sha256:a0b1cd6232e2b618adcc54d9882e4e662a089d5768cd188f7c245b4c8c44a397", size = 6349638, upload-time = "2026-02-11T04:20:54.444Z" },
    { url = "https://files.pythonhosted.org/packages/ff/79/6df7b2ee763d619cda2fb4fea498e5f79d984dae304d45a8999b80d6cf5c/pillow-12.1.1-cp312-cp312-manylinux_2_27_x86_64.manylinux_2_28_x86_64.whl", hash = "sha256:7aac39bcf8d4770d089588a2e1dd111cbaa42df5a94be3114222057d68336bd0", size = 7041540, upload-time = "2026-02-11T04:20:55.97Z" },
    { url = "https://files.pythonhosted.org/packages/2c/5e/2ba19e7e7236d7529f4d873bdaf317a318896bac289abebd4bb00ef247f0/pillow-12.1.1-cp312-cp312-musllinux_1_2_aarch64.whl", hash = "sha256:ab174cd7d29a62dd139c44bf74b698039328f45cb03b4596c43473a46656b2f3", size = 6462613, upload-time = "2026-02-11T04:20:57.542Z" },
    { url = "https://files.pythonhosted.org/packages/03/03/31216ec124bb5c3dacd74ce8efff4cc7f52643653bad4825f8f08c697743/pillow-12.1.1-cp312-cp312-musllinux_1_2_x86_64.whl", hash = "sha256:339ffdcb7cbeaa08221cd401d517d4b1fe7a9ed5d400e4a8039719238620ca35", size = 7166745, upload-time = "2026-02-11T04:20:59.196Z" },
    { url = "https://files.pythonhosted.org/packages/1f/e7/7c4552d80052337eb28653b617eafdef39adfb137c49dd7e831b8dc13bc5/pillow-12.1.1-cp312-cp312-win32.whl", hash = "sha256:5d1f9575a12bed9e9eedd9a4972834b08c97a352bd17955ccdebfeca5913fa0a", size = 6328823, upload-time = "2026-02-11T04:21:01.385Z" },
    { url = "https://files.pythonhosted.org/packages/3d/17/688626d192d7261bbbf98846fc98995726bddc2c945344b65bec3a29d731/pillow-12.1.1-cp312-cp312-win_amd64.whl", hash = "sha256:21329ec8c96c6e979cd0dfd29406c40c1d52521a90544463057d2aaa937d66a6", size = 7033367, upload-time = "2026-02-11T04:21:03.536Z" },
    { url = "https://files.pythonhosted.org/packages/ed/fe/a0ef1f73f939b0eca03ee2c108d0043a87468664770612602c63266a43c4/pillow-12.1.1-cp312-cp312-win_arm64.whl", hash = "sha256:af9a332e572978f0218686636610555ae3defd1633597be015ed50289a03c523", size = 2453811, upload-time = "2026-02-11T04:21:05.116Z" },
    { url = "https://files.pythonhosted.org/packages/56/11/5d43209aa4cb58e0cc80127956ff1796a68b928e6324bbf06ef4db34367b/pillow-12.1.1-pp311-pypy311_pp73-macosx_10_15_x86_64.whl", hash = "sha256:600fd103672b925fe62ed08e0d874ea34d692474df6f4bf7ebe148b30f89f39f", size = 5228606, upload-time = "2026-02-11T04:22:52.106Z" },
    { url = "https://files.pythonhosted.org/packages/5f/d5/3b005b4e4fda6698b371fa6c21b097d4707585d7db99e98d9b0b87ac612a/pillow-12.1.1-pp311-pypy311_pp73-macosx_11_0_arm64.whl", hash = "sha256:665e1b916b043cef294bc54d47bf02d87e13f769bc4bc5fa225a24b3a6c5aca9", size = 4622321, upload-time = "2026-02-11T04:22:53.827Z" },
    { url = "https://files.pythonhosted.org/packages/df/36/ed3ea2d594356fd8037e5a01f6156c74bc8d92dbb0fa60746cc96cabb6e8/pillow-12.1.1-pp311-pypy311_pp73-manylinux2014_aarch64.manylinux_2_17_aarch64.whl", hash = "sha256:495c302af3aad1ca67420ddd5c7bd480c8867ad173528767d906428057a11f0e", size = 5247579, upload-time = "2026-02-11T04:22:56.094Z" },
    { url = "https://files.pythonhosted.org/packages/54/9a/9cc3e029683cf6d20ae5085da0dafc63148e3252c2f13328e553aaa13cfb/pillow-12.1.1-pp311-pypy311_pp73-manylinux2014_x86_64.manylinux_2_17_x86_64.whl", hash = "sha256:8fd420ef0c52c88b5a035a0886f367748c72147b2b8f384c9d12656678dfdfa9", size = 6989094, upload-time = "2026-02-11T04:22:58.288Z" },
    { url = "https://files.pythonhosted.org/packages/00/98/fc53ab36da80b88df0967896b6c4b4cd948a0dc5aa40a754266aa3ae48b3/pillow-12.1.1-pp311-pypy311_pp73-manylinux_2_27_aarch64.manylinux_2_28_aarch64.whl", hash = "sha256:f975aa7ef9684ce7e2c18a3aa8f8e2106ce1e46b94ab713d156b2898811651d3", size = 5313850, upload-time = "2026-02-11T04:23:00.554Z" },
    { url = "https://files.pythonhosted.org/packages/30/02/00fa585abfd9fe9d73e5f6e554dc36cc2b842898cbfc46d70353dae227f8/pillow-12.1.1-pp311-pypy311_pp73-manylinux_2_27_x86_64.manylinux_2_28_x86_64.whl", hash = "sha256:8089c852a56c2966cf18835db62d9b34fef7ba74c726ad943928d494fa7f4735", size = 5963343, upload-time = "2026-02-11T04:23:02.934Z" },
    { url = "https://files.pythonhosted.org/packages/f2/26/c56ce33ca856e358d27fda9676c055395abddb82c35ac0f593877ed4562e/pillow-12.1.1-pp311-pypy311_pp73-win_amd64.whl", hash = "sha256:cb9bb857b2d057c6dfc72ac5f3b44836924ba15721882ef103cecb40d002d80e", size = 7029880, upload-time = "2026-02-11T04:23:04.783Z" },
]

[[package]]
name = "protobuf"
version = "6.33.5"
source = { registry = "https://pypi.org/simple" }
sdist = { url = "https://files.pythonhosted.org/packages/ba/25/7c72c307aafc96fa87062aa6291d9f7c94836e43214d43722e86037aac02/protobuf-6.33.5.tar.gz", hash = "sha256:6ddcac2a081f8b7b9642c09406bc6a4290128fce5f471cddd165960bb9119e5c", size = 444465, upload-time = "2026-01-29T21:51:33.494Z" }
wheels = [
    { url = "https://files.pythonhosted.org/packages/b1/79/af92d0a8369732b027e6d6084251dd8e782c685c72da161bd4a2e00fbabb/protobuf-6.33.5-cp310-abi3-win32.whl", hash = "sha256:d71b040839446bac0f4d162e758bea99c8251161dae9d0983a3b88dee345153b", size = 425769, upload-time = "2026-01-29T21:51:21.751Z" },
    { url = "https://files.pythonhosted.org/packages/55/75/bb9bc917d10e9ee13dee8607eb9ab963b7cf8be607c46e7862c748aa2af7/protobuf-6.33.5-cp310-abi3-win_amd64.whl", hash = "sha256:3093804752167bcab3998bec9f1048baae6e29505adaf1afd14a37bddede533c", size = 437118, upload-time = "2026-01-29T21:51:24.022Z" },
    { url = "https://files.pythonhosted.org/packages/a2/6b/e48dfc1191bc5b52950246275bf4089773e91cb5ba3592621723cdddca62/protobuf-6.33.5-cp39-abi3-macosx_10_9_universal2.whl", hash = "sha256:a5cb85982d95d906df1e2210e58f8e4f1e3cdc088e52c921a041f9c9a0386de5", size = 427766, upload-time = "2026-01-29T21:51:25.413Z" },
    { url = "https://files.pythonhosted.org/packages/4e/b1/c79468184310de09d75095ed1314b839eb2f72df71097db9d1404a1b2717/protobuf-6.33.5-cp39-abi3-manylinux2014_aarch64.whl", hash = "sha256:9b71e0281f36f179d00cbcb119cb19dec4d14a81393e5ea220f64b286173e190", size = 324638, upload-time = "2026-01-29T21:51:26.423Z" },
    { url = "https://files.pythonhosted.org/packages/c5/f5/65d838092fd01c44d16037953fd4c2cc851e783de9b8f02b27ec4ffd906f/protobuf-6.33.5-cp39-abi3-manylinux2014_s390x.whl", hash = "sha256:8afa18e1d6d20af15b417e728e9f60f3aa108ee76f23c3b2c07a2c3b546d3afd", size = 339411, upload-time = "2026-01-29T21:51:27.446Z" },
    { url = "https://files.pythonhosted.org/packages/9b/53/a9443aa3ca9ba8724fdfa02dd1887c1bcd8e89556b715cfbacca6b63dbec/protobuf-6.33.5-cp39-abi3-manylinux2014_x86_64.whl", hash = "sha256:cbf16ba3350fb7b889fca858fb215967792dc125b35c7976ca4818bee3521cf0", size = 323465, upload-time = "2026-01-29T21:51:28.925Z" },
    { url = "https://files.pythonhosted.org/packages/57/bf/2086963c69bdac3d7cff1cc7ff79b8ce5ea0bec6797a017e1be338a46248/protobuf-6.33.5-py3-none-any.whl", hash = "sha256:69915a973dd0f60f31a08b8318b73eab2bd6a392c79184b3612226b0a3f8ec02", size = 170687, upload-time = "2026-01-29T21:51:32.557Z" },
]

[[package]]
name = "pyyaml"
version = "6.0.3"
source = { registry = "https://pypi.org/simple" }
sdist = { url = "https://files.pythonhosted.org/packages/05/8e/961c0007c59b8dd7729d542c61a4d537767a59645b82a0b521206e1e25c2/pyyaml-6.0.3.tar.gz", hash = "sha256:d76623373421df22fb4cf8817020cbb7ef15c725b9d5e45f17e189bfc384190f", size = 130960, upload-time = "2025-09-25T21:33:16.546Z" }
wheels = [
    { url = "https://files.pythonhosted.org/packages/6d/16/a95b6757765b7b031c9374925bb718d55e0a9ba8a1b6a12d25962ea44347/pyyaml-6.0.3-cp311-cp311-macosx_10_13_x86_64.whl", hash = "sha256:44edc647873928551a01e7a563d7452ccdebee747728c1080d881d68af7b997e", size = 185826, upload-time = "2025-09-25T21:31:58.655Z" },
    { url = "https://files.pythonhosted.org/packages/16/19/13de8e4377ed53079ee996e1ab0a9c33ec2faf808a4647b7b4c0d46dd239/pyyaml-6.0.3-cp311-cp311-macosx_11_0_arm64.whl", hash = "sha256:652cb6edd41e718550aad172851962662ff2681490a8a711af6a4d288dd96824", size = 175577, upload-time = "2025-09-25T21:32:00.088Z" },
    { url = "https://files.pythonhosted.org/packages/0c/62/d2eb46264d4b157dae1275b573017abec435397aa59cbcdab6fc978a8af4/pyyaml-6.0.3-cp311-cp311-manylinux2014_aarch64.manylinux_2_17_aarch64.manylinux_2_28_aarch64.whl", hash = "sha256:10892704fc220243f5305762e276552a0395f7beb4dbf9b14ec8fd43b57f126c", size = 775556, upload-time = "2025-09-25T21:32:01.31Z" },
    { url = "https://files.pythonhosted.org/packages/10/cb/16c3f2cf3266edd25aaa00d6c4350381c8b012ed6f5276675b9eba8d9ff4/pyyaml-6.0.3-cp311-cp311-manylinux2014_s390x.manylinux_2_17_s390x.manylinux_2_28_s390x.whl", hash = "sha256:850774a7879607d3a6f50d36d04f00ee69e7fc816450e5f7e58d7f17f1ae5c00", size = 882114, upload-time = "2025-09-25T21:32:03.376Z" },
    { url = "https://files.pythonhosted.org/packages/71/60/917329f640924b18ff085ab889a11c763e0b573da888e8404ff486657602/pyyaml-6.0.3-cp311-cp311-manylinux2014_x86_64.manylinux_2_17_x86_64.manylinux_2_28_x86_64.whl", hash = "sha256:b8bb0864c5a28024fac8a632c443c87c5aa6f215c0b126c449ae1a150412f31d", size = 806638, upload-time = "2025-09-25T21:32:04.553Z" },
    { url = "https://files.pythonhosted.org/packages/dd/6f/529b0f316a9fd167281a6c3826b5583e6192dba792dd55e3203d3f8e655a/pyyaml-6.0.3-cp311-cp311-musllinux_1_2_aarch64.whl", hash = "sha256:1d37d57ad971609cf3c53ba6a7e365e40660e3be0e5175fa9f2365a379d6095a", size = 767463, upload-time = "2025-09-25T21:32:06.152Z" },
    { url = "https://files.pythonhosted.org/packages/f2/6a/b627b4e0c1dd03718543519ffb2f1deea4a1e6d42fbab8021936a4d22589/pyyaml-6.0.3-cp311-cp311-musllinux_1_2_x86_64.whl", hash = "sha256:37503bfbfc9d2c40b344d06b2199cf0e96e97957ab1c1b546fd4f87e53e5d3e4", size = 794986, upload-time = "2025-09-25T21:32:07.367Z" },
    { url = "https://files.pythonhosted.org/packages/45/91/47a6e1c42d9ee337c4839208f30d9f09caa9f720ec7582917b264defc875/pyyaml-6.0.3-cp311-cp311-win32.whl", hash = "sha256:8098f252adfa6c80ab48096053f512f2321f0b998f98150cea9bd23d83e1467b", size = 142543, upload-time = "2025-09-25T21:32:08.95Z" },
    { url = "https://files.pythonhosted.org/packages/da/e3/ea007450a105ae919a72393cb06f122f288ef60bba2dc64b26e2646fa315/pyyaml-6.0.3-cp311-cp311-win_amd64.whl", hash = "sha256:9f3bfb4965eb874431221a3ff3fdcddc7e74e3b07799e0e84ca4a0f867d449bf", size = 158763, upload-time = "2025-09-25T21:32:09.96Z" },
    { url = "https://files.pythonhosted.org/packages/d1/33/422b98d2195232ca1826284a76852ad5a86fe23e31b009c9886b2d0fb8b2/pyyaml-6.0.3-cp312-cp312-macosx_10_13_x86_64.whl", hash = "sha256:7f047e29dcae44602496db43be01ad42fc6f1cc0d8cd6c83d342306c32270196", size = 182063, upload-time = "2025-09-25T21:32:11.445Z" },
    { url = "https://files.pythonhosted.org/packages/89/a0/6cf41a19a1f2f3feab0e9c0b74134aa2ce6849093d5517a0c550fe37a648/pyyaml-6.0.3-cp312-cp312-macosx_11_0_arm64.whl", hash = "sha256:fc09d0aa354569bc501d4e787133afc08552722d3ab34836a80547331bb5d4a0", size = 173973, upload-time = "2025-09-25T21:32:12.492Z" },
    { url = "https://files.pythonhosted.org/packages/ed/23/7a778b6bd0b9a8039df8b1b1d80e2e2ad78aa04171592c8a5c43a56a6af4/pyyaml-6.0.3-cp312-cp312-manylinux2014_aarch64.manylinux_2_17_aarch64.manylinux_2_28_aarch64.whl", hash = "sha256:9149cad251584d5fb4981be1ecde53a1ca46c891a79788c0df828d2f166bda28", size = 775116, upload-time = "2025-09-25T21:32:13.652Z" },
    { url = "https://files.pythonhosted.org/packages/65/30/d7353c338e12baef4ecc1b09e877c1970bd3382789c159b4f89d6a70dc09/pyyaml-6.0.3-cp312-cp312-manylinux2014_s390x.manylinux_2_17_s390x.manylinux_2_28_s390x.whl", hash = "sha256:5fdec68f91a0c6739b380c83b951e2c72ac0197ace422360e6d5a959d8d97b2c", size = 844011, upload-time = "2025-09-25T21:32:15.21Z" },
    { url = "https://files.pythonhosted.org/packages/8b/9d/b3589d3877982d4f2329302ef98a8026e7f4443c765c46cfecc8858c6b4b/pyyaml-6.0.3-cp312-cp312-manylinux2014_x86_64.manylinux_2_17_x86_64.manylinux_2_28_x86_64.whl", hash = "sha256:ba1cc08a7ccde2d2ec775841541641e4548226580ab850948cbfda66a1befcdc", size = 807870, upload-time = "2025-09-25T21:32:16.431Z" },
    { url = "https://files.pythonhosted.org/packages/05/c0/b3be26a015601b822b97d9149ff8cb5ead58c66f981e04fedf4e762f4bd4/pyyaml-6.0.3-cp312-cp312-musllinux_1_2_aarch64.whl", hash = "sha256:8dc52c23056b9ddd46818a57b78404882310fb473d63f17b07d5c40421e47f8e", size = 761089, upload-time = "2025-09-25T21:32:17.56Z" },
    { url = "https://files.pythonhosted.org/packages/be/8e/98435a21d1d4b46590d5459a22d88128103f8da4c2d4cb8f14f2a96504e1/pyyaml-6.0.3-cp312-cp312-musllinux_1_2_x86_64.whl", hash = "sha256:41715c910c881bc081f1e8872880d3c650acf13dfa8214bad49ed4cede7c34ea", size = 790181, upload-time = "2025-09-25T21:32:18.834Z" },
    { url = "https://files.pythonhosted.org/packages/74/93/7baea19427dcfbe1e5a372d81473250b379f04b1bd3c4c5ff825e2327202/pyyaml-6.0.3-cp312-cp312-win32.whl", hash = "sha256:96b533f0e99f6579b3d4d4995707cf36df9100d67e0c8303a0c55b27b5f99bc5", size = 137658, upload-time = "2025-09-25T21:32:20.209Z" },
    { url = "https://files.pythonhosted.org/packages/86/bf/899e81e4cce32febab4fb42bb97dcdf66bc135272882d1987881a4b519e9/pyyaml-6.0.3-cp312-cp312-win_amd64.whl", hash = "sha256:5fcd34e47f6e0b794d17de1b4ff496c00986e1c83f7ab2fb8fcfe9616ff7477b", size = 154003, upload-time = "2025-09-25T21:32:21.167Z" },
    { url = "https://files.pythonhosted.org/packages/1a/08/67bd04656199bbb51dbed1439b7f27601dfb576fb864099c7ef0c3e55531/pyyaml-6.0.3-cp312-cp312-win_arm64.whl", hash = "sha256:64386e5e707d03a7e172c0701abfb7e10f0fb753ee1d773128192742712a98fd", size = 140344, upload-time = "2025-09-25T21:32:22.617Z" },
]

[[package]]
name = "setuptools"
version = "82.0.0"
source = { registry = "https://pypi.org/simple" }
sdist = { url = "https://files.pythonhosted.org/packages/82/f3/748f4d6f65d1756b9ae577f329c951cda23fb900e4de9f70900ced962085/setuptools-82.0.0.tar.gz", hash = "sha256:22e0a2d69474c6ae4feb01951cb69d515ed23728cf96d05513d36e42b62b37cb", size = 1144893, upload-time = "2026-02-08T15:08:40.206Z" }
wheels = [
    { url = "https://files.pythonhosted.org/packages/e1/c6/76dc613121b793286a3f91621d7b75a2b493e0390ddca50f11993eadf192/setuptools-82.0.0-py3-none-any.whl", hash = "sha256:70b18734b607bd1da571d097d236cfcfacaf01de45717d59e6e04b96877532e0", size = 1003468, upload-time = "2026-02-08T15:08:38.723Z" },
]

[[package]]
name = "sympy"
version = "1.14.0"
source = { registry = "https://pypi.org/simple" }
dependencies = [
    { name = "mpmath" },
]
sdist = { url = "https://files.pythonhosted.org/packages/83/d3/803453b36afefb7c2bb238361cd4ae6125a569b4db67cd9e79846ba2d68c/sympy-1.14.0.tar.gz", hash = "sha256:d3d3fe8df1e5a0b42f0e7bdf50541697dbe7d23746e894990c030e2b05e72517", size = 7793921, upload-time = "2025-04-27T18:05:01.611Z" }
wheels = [
    { url = "https://files.pythonhosted.org/packages/a2/09/77d55d46fd61b4a135c444fc97158ef34a095e5681d0a6c10b75bf356191/sympy-1.14.0-py3-none-any.whl", hash = "sha256:e091cc3e99d2141a0ba2847328f5479b05d94a6635cb96148ccb3f34671bd8f5", size = 6299353, upload-time = "2025-04-27T18:04:59.103Z" },
]

[[package]]
name = "typing-extensions"
version = "4.15.0"
source = { registry = "https://pypi.org/simple" }
sdist = { url = "https://files.pythonhosted.org/packages/72/94/1a15dd82efb362ac84269196e94cf00f187f7ed21c242792a923cdb1c61f/typing_extensions-4.15.0.tar.gz", hash = "sha256:0cea48d173cc12fa28ecabc3b837ea3cf6f38c6d1136f85cbaaf598984861466", size = 109391, upload-time = "2025-08-25T13:49:26.313Z" }
wheels = [
    { url = "https://files.pythonhosted.org/packages/18/67/36e9267722cc04a6b9f15c7f3441c2363321a3ea07da7ae0c0707beb2a9c/typing_extensions-4.15.0-py3-none-any.whl", hash = "sha256:f0fa19c6845758ab08074a0cfa8b7aecb71c999ca73d62883bc25cc018c4e548", size = 44614, upload-time = "2025-08-25T13:49:24.86Z" },
]
